// !$*UTF8*$!
{
	archiveVersion = 1;
	classes = {
	};
	objectVersion = 55;
	objects = {

/* Begin PBXBuildFile section */
		EEA7E356283A6212002A26D2 /* SuperSecureCloudApp.swift in Sources */ = {isa = PBXBuildFile; fileRef = EEA7E355283A6212002A26D2 /* SuperSecureCloudApp.swift */; };
		EEA7E358283A6212002A26D2 /* ContentView.swift in Sources */ = {isa = PBXBuildFile; fileRef = EEA7E357283A6212002A26D2 /* ContentView.swift */; };
		EEA7E35A283A6212002A26D2 /* Assets.xcassets in Resources */ = {isa = PBXBuildFile; fileRef = EEA7E359283A6212002A26D2 /* Assets.xcassets */; };
		EEA7E35D283A6212002A26D2 /* Preview Assets.xcassets in Resources */ = {isa = PBXBuildFile; fileRef = EEA7E35C283A6212002A26D2 /* Preview Assets.xcassets */; };
		EEA7E367283A6212002A26D2 /* SuperSecureCloudTests.swift in Sources */ = {isa = PBXBuildFile; fileRef = EEA7E366283A6212002A26D2 /* SuperSecureCloudTests.swift */; };
		EEA7E371283A6212002A26D2 /* SuperSecureCloudUITests.swift in Sources */ = {isa = PBXBuildFile; fileRef = EEA7E370283A6212002A26D2 /* SuperSecureCloudUITests.swift */; };
		EEA7E373283A6212002A26D2 /* SuperSecureCloudUITestsLaunchTests.swift in Sources */ = {isa = PBXBuildFile; fileRef = EEA7E372283A6212002A26D2 /* SuperSecureCloudUITestsLaunchTests.swift */; };
		EEA7E380283A6609002A26D2 /* ContentViewModel.swift in Sources */ = {isa = PBXBuildFile; fileRef = EEA7E37F283A6609002A26D2 /* ContentViewModel.swift */; };
		EEA7E382283A6645002A26D2 /* SignUpValidator.swift in Sources */ = {isa = PBXBuildFile; fileRef = EEA7E381283A6645002A26D2 /* SignUpValidator.swift */; };
		EEA7E385283A6AB4002A26D2 /* mockResponse.json in Resources */ = {isa = PBXBuildFile; fileRef = EEA7E384283A6AB4002A26D2 /* mockResponse.json */; };
		EEA7E388283A6B4F002A26D2 /* ProjectExtensions.swift in Sources */ = {isa = PBXBuildFile; fileRef = EEA7E387283A6B4F002A26D2 /* ProjectExtensions.swift */; };
		EEA7E389283A6B4F002A26D2 /* ProjectExtensions.swift in Sources */ = {isa = PBXBuildFile; fileRef = EEA7E387283A6B4F002A26D2 /* ProjectExtensions.swift */; };
		EEA7E38A283A6B4F002A26D2 /* ProjectExtensions.swift in Sources */ = {isa = PBXBuildFile; fileRef = EEA7E387283A6B4F002A26D2 /* ProjectExtensions.swift */; };
		EEA7E38F283A6C1A002A26D2 /* SignUpValidationInfo.swift in Sources */ = {isa = PBXBuildFile; fileRef = EEA7E38E283A6C1A002A26D2 /* SignUpValidationInfo.swift */; };
		EEA7E390283A6C1A002A26D2 /* SignUpValidationInfo.swift in Sources */ = {isa = PBXBuildFile; fileRef = EEA7E38E283A6C1A002A26D2 /* SignUpValidationInfo.swift */; };
		EEA7E391283A6C1A002A26D2 /* SignUpValidationInfo.swift in Sources */ = {isa = PBXBuildFile; fileRef = EEA7E38E283A6C1A002A26D2 /* SignUpValidationInfo.swift */; };
		EEA7E394283A6E0B002A26D2 /* NetworkingService.swift in Sources */ = {isa = PBXBuildFile; fileRef = EEA7E393283A6E0B002A26D2 /* NetworkingService.swift */; };
		EEA7E395283A6E0B002A26D2 /* NetworkingService.swift in Sources */ = {isa = PBXBuildFile; fileRef = EEA7E393283A6E0B002A26D2 /* NetworkingService.swift */; };
		EEA7E396283A6E0B002A26D2 /* NetworkingService.swift in Sources */ = {isa = PBXBuildFile; fileRef = EEA7E393283A6E0B002A26D2 /* NetworkingService.swift */; };
		EEA7E399283A735A002A26D2 /* MockNetworkingService.swift in Sources */ = {isa = PBXBuildFile; fileRef = EEA7E397283A735A002A26D2 /* MockNetworkingService.swift */; };
		EEA7E39A283A735A002A26D2 /* MockNetworkingService.swift in Sources */ = {isa = PBXBuildFile; fileRef = EEA7E397283A735A002A26D2 /* MockNetworkingService.swift */; };
		EEA7E39C283A78CA002A26D2 /* DependecyProvider.swift in Sources */ = {isa = PBXBuildFile; fileRef = EEA7E39B283A78CA002A26D2 /* DependecyProvider.swift */; };
		EEA7E39D283A78CA002A26D2 /* DependecyProvider.swift in Sources */ = {isa = PBXBuildFile; fileRef = EEA7E39B283A78CA002A26D2 /* DependecyProvider.swift */; };
		EEA7E39E283A78CA002A26D2 /* DependecyProvider.swift in Sources */ = {isa = PBXBuildFile; fileRef = EEA7E39B283A78CA002A26D2 /* DependecyProvider.swift */; };
/* End PBXBuildFile section */

/* Begin PBXContainerItemProxy section */
		EEA7E363283A6212002A26D2 /* PBXContainerItemProxy */ = {
			isa = PBXContainerItemProxy;
			containerPortal = EEA7E34A283A6212002A26D2 /* Project object */;
			proxyType = 1;
			remoteGlobalIDString = EEA7E351283A6212002A26D2;
			remoteInfo = SuperSecureCloud;
		};
		EEA7E36D283A6212002A26D2 /* PBXContainerItemProxy */ = {
			isa = PBXContainerItemProxy;
			containerPortal = EEA7E34A283A6212002A26D2 /* Project object */;
			proxyType = 1;
			remoteGlobalIDString = EEA7E351283A6212002A26D2;
			remoteInfo = SuperSecureCloud;
		};
/* End PBXContainerItemProxy section */

/* Begin PBXFileReference section */
		EEA7E352283A6212002A26D2 /* SuperSecureCloud.app */ = {isa = PBXFileReference; explicitFileType = wrapper.application; includeInIndex = 0; path = SuperSecureCloud.app; sourceTree = BUILT_PRODUCTS_DIR; };
		EEA7E355283A6212002A26D2 /* SuperSecureCloudApp.swift */ = {isa = PBXFileReference; lastKnownFileType = sourcecode.swift; path = SuperSecureCloudApp.swift; sourceTree = "<group>"; };
		EEA7E357283A6212002A26D2 /* ContentView.swift */ = {isa = PBXFileReference; lastKnownFileType = sourcecode.swift; path = ContentView.swift; sourceTree = "<group>"; };
		EEA7E359283A6212002A26D2 /* Assets.xcassets */ = {isa = PBXFileReference; lastKnownFileType = folder.assetcatalog; path = Assets.xcassets; sourceTree = "<group>"; };
		EEA7E35C283A6212002A26D2 /* Preview Assets.xcassets */ = {isa = PBXFileReference; lastKnownFileType = folder.assetcatalog; path = "Preview Assets.xcassets"; sourceTree = "<group>"; };
		EEA7E362283A6212002A26D2 /* SuperSecureCloudTests.xctest */ = {isa = PBXFileReference; explicitFileType = wrapper.cfbundle; includeInIndex = 0; path = SuperSecureCloudTests.xctest; sourceTree = BUILT_PRODUCTS_DIR; };
		EEA7E366283A6212002A26D2 /* SuperSecureCloudTests.swift */ = {isa = PBXFileReference; lastKnownFileType = sourcecode.swift; path = SuperSecureCloudTests.swift; sourceTree = "<group>"; };
		EEA7E36C283A6212002A26D2 /* SuperSecureCloudUITests.xctest */ = {isa = PBXFileReference; explicitFileType = wrapper.cfbundle; includeInIndex = 0; path = SuperSecureCloudUITests.xctest; sourceTree = BUILT_PRODUCTS_DIR; };
		EEA7E370283A6212002A26D2 /* SuperSecureCloudUITests.swift */ = {isa = PBXFileReference; lastKnownFileType = sourcecode.swift; path = SuperSecureCloudUITests.swift; sourceTree = "<group>"; };
		EEA7E372283A6212002A26D2 /* SuperSecureCloudUITestsLaunchTests.swift */ = {isa = PBXFileReference; lastKnownFileType = sourcecode.swift; path = SuperSecureCloudUITestsLaunchTests.swift; sourceTree = "<group>"; };
		EEA7E37F283A6609002A26D2 /* ContentViewModel.swift */ = {isa = PBXFileReference; lastKnownFileType = sourcecode.swift; path = ContentViewModel.swift; sourceTree = "<group>"; };
		EEA7E381283A6645002A26D2 /* SignUpValidator.swift */ = {isa = PBXFileReference; lastKnownFileType = sourcecode.swift; path = SignUpValidator.swift; sourceTree = "<group>"; };
		EEA7E384283A6AB4002A26D2 /* mockResponse.json */ = {isa = PBXFileReference; fileEncoding = 4; lastKnownFileType = text.json; path = mockResponse.json; sourceTree = "<group>"; };
		EEA7E387283A6B4F002A26D2 /* ProjectExtensions.swift */ = {isa = PBXFileReference; lastKnownFileType = sourcecode.swift; path = ProjectExtensions.swift; sourceTree = "<group>"; };
		EEA7E38E283A6C1A002A26D2 /* SignUpValidationInfo.swift */ = {isa = PBXFileReference; lastKnownFileType = sourcecode.swift; path = SignUpValidationInfo.swift; sourceTree = "<group>"; };
		EEA7E393283A6E0B002A26D2 /* NetworkingService.swift */ = {isa = PBXFileReference; lastKnownFileType = sourcecode.swift; path = NetworkingService.swift; sourceTree = "<group>"; };
		EEA7E397283A735A002A26D2 /* MockNetworkingService.swift */ = {isa = PBXFileReference; lastKnownFileType = sourcecode.swift; path = MockNetworkingService.swift; sourceTree = "<group>"; };
		EEA7E39B283A78CA002A26D2 /* DependecyProvider.swift */ = {isa = PBXFileReference; lastKnownFileType = sourcecode.swift; path = DependecyProvider.swift; sourceTree = "<group>"; };
/* End PBXFileReference section */

/* Begin PBXFrameworksBuildPhase section */
		EEA7E34F283A6212002A26D2 /* Frameworks */ = {
			isa = PBXFrameworksBuildPhase;
			buildActionMask = 2147483647;
			files = (
			);
			runOnlyForDeploymentPostprocessing = 0;
		};
		EEA7E35F283A6212002A26D2 /* Frameworks */ = {
			isa = PBXFrameworksBuildPhase;
			buildActionMask = 2147483647;
			files = (
			);
			runOnlyForDeploymentPostprocessing = 0;
		};
		EEA7E369283A6212002A26D2 /* Frameworks */ = {
			isa = PBXFrameworksBuildPhase;
			buildActionMask = 2147483647;
			files = (
			);
			runOnlyForDeploymentPostprocessing = 0;
		};
/* End PBXFrameworksBuildPhase section */

/* Begin PBXGroup section */
		EEA7E349283A6212002A26D2 = {
			isa = PBXGroup;
			children = (
				EEA7E386283A6B34002A26D2 /* Shared */,
				EEA7E354283A6212002A26D2 /* SuperSecureCloud */,
				EEA7E365283A6212002A26D2 /* SuperSecureCloudTests */,
				EEA7E36F283A6212002A26D2 /* SuperSecureCloudUITests */,
				EEA7E353283A6212002A26D2 /* Products */,
			);
			sourceTree = "<group>";
		};
		EEA7E353283A6212002A26D2 /* Products */ = {
			isa = PBXGroup;
			children = (
				EEA7E352283A6212002A26D2 /* SuperSecureCloud.app */,
				EEA7E362283A6212002A26D2 /* SuperSecureCloudTests.xctest */,
				EEA7E36C283A6212002A26D2 /* SuperSecureCloudUITests.xctest */,
			);
			name = Products;
			sourceTree = "<group>";
		};
		EEA7E354283A6212002A26D2 /* SuperSecureCloud */ = {
			isa = PBXGroup;
			children = (
				EEA7E39B283A78CA002A26D2 /* DependecyProvider.swift */,
				EEA7E355283A6212002A26D2 /* SuperSecureCloudApp.swift */,
				EEA7E359283A6212002A26D2 /* Assets.xcassets */,
				EEA7E38B283A6B73002A26D2 /* Model */,
				EEA7E38C283A6B7A002A26D2 /* View */,
				EEA7E38D283A6B7F002A26D2 /* ViewModel */,
				EEA7E392283A6DE9002A26D2 /* Services */,
				EEA7E35B283A6212002A26D2 /* Preview Content */,
			);
			path = SuperSecureCloud;
			sourceTree = "<group>";
		};
		EEA7E35B283A6212002A26D2 /* Preview Content */ = {
			isa = PBXGroup;
			children = (
				EEA7E35C283A6212002A26D2 /* Preview Assets.xcassets */,
			);
			path = "Preview Content";
			sourceTree = "<group>";
		};
		EEA7E365283A6212002A26D2 /* SuperSecureCloudTests */ = {
			isa = PBXGroup;
			children = (
				EEA7E383283A6A75002A26D2 /* Supporting Files */,
				EEA7E366283A6212002A26D2 /* SuperSecureCloudTests.swift */,
			);
			path = SuperSecureCloudTests;
			sourceTree = "<group>";
		};
		EEA7E36F283A6212002A26D2 /* SuperSecureCloudUITests */ = {
			isa = PBXGroup;
			children = (
				EEA7E370283A6212002A26D2 /* SuperSecureCloudUITests.swift */,
				EEA7E372283A6212002A26D2 /* SuperSecureCloudUITestsLaunchTests.swift */,
			);
			path = SuperSecureCloudUITests;
			sourceTree = "<group>";
		};
		EEA7E383283A6A75002A26D2 /* Supporting Files */ = {
			isa = PBXGroup;
			children = (
				EEA7E384283A6AB4002A26D2 /* mockResponse.json */,
				EEA7E397283A735A002A26D2 /* MockNetworkingService.swift */,
			);
			path = "Supporting Files";
			sourceTree = "<group>";
		};
		EEA7E386283A6B34002A26D2 /* Shared */ = {
			isa = PBXGroup;
			children = (
				EEA7E387283A6B4F002A26D2 /* ProjectExtensions.swift */,
			);
			path = Shared;
			sourceTree = "<group>";
		};
		EEA7E38B283A6B73002A26D2 /* Model */ = {
			isa = PBXGroup;
			children = (
				EEA7E38E283A6C1A002A26D2 /* SignUpValidationInfo.swift */,
			);
			path = Model;
			sourceTree = "<group>";
		};
		EEA7E38C283A6B7A002A26D2 /* View */ = {
			isa = PBXGroup;
			children = (
				EEA7E357283A6212002A26D2 /* ContentView.swift */,
			);
			path = View;
			sourceTree = "<group>";
		};
		EEA7E38D283A6B7F002A26D2 /* ViewModel */ = {
			isa = PBXGroup;
			children = (
				EEA7E37F283A6609002A26D2 /* ContentViewModel.swift */,
			);
			path = ViewModel;
			sourceTree = "<group>";
		};
		EEA7E392283A6DE9002A26D2 /* Services */ = {
			isa = PBXGroup;
			children = (
				EEA7E381283A6645002A26D2 /* SignUpValidator.swift */,
				EEA7E393283A6E0B002A26D2 /* NetworkingService.swift */,
			);
			path = Services;
			sourceTree = "<group>";
		};
/* End PBXGroup section */

/* Begin PBXNativeTarget section */
		EEA7E351283A6212002A26D2 /* SuperSecureCloud */ = {
			isa = PBXNativeTarget;
			buildConfigurationList = EEA7E376283A6212002A26D2 /* Build configuration list for PBXNativeTarget "SuperSecureCloud" */;
			buildPhases = (
				EEA7E34E283A6212002A26D2 /* Sources */,
				EEA7E34F283A6212002A26D2 /* Frameworks */,
				EEA7E350283A6212002A26D2 /* Resources */,
			);
			buildRules = (
			);
			dependencies = (
			);
			name = SuperSecureCloud;
			productName = SuperSecureCloud;
			productReference = EEA7E352283A6212002A26D2 /* SuperSecureCloud.app */;
			productType = "com.apple.product-type.application";
		};
		EEA7E361283A6212002A26D2 /* SuperSecureCloudTests */ = {
			isa = PBXNativeTarget;
			buildConfigurationList = EEA7E379283A6212002A26D2 /* Build configuration list for PBXNativeTarget "SuperSecureCloudTests" */;
			buildPhases = (
				EEA7E35E283A6212002A26D2 /* Sources */,
				EEA7E35F283A6212002A26D2 /* Frameworks */,
				EEA7E360283A6212002A26D2 /* Resources */,
			);
			buildRules = (
			);
			dependencies = (
				EEA7E364283A6212002A26D2 /* PBXTargetDependency */,
			);
			name = SuperSecureCloudTests;
			productName = SuperSecureCloudTests;
			productReference = EEA7E362283A6212002A26D2 /* SuperSecureCloudTests.xctest */;
			productType = "com.apple.product-type.bundle.unit-test";
		};
		EEA7E36B283A6212002A26D2 /* SuperSecureCloudUITests */ = {
			isa = PBXNativeTarget;
			buildConfigurationList = EEA7E37C283A6212002A26D2 /* Build configuration list for PBXNativeTarget "SuperSecureCloudUITests" */;
			buildPhases = (
				EEA7E368283A6212002A26D2 /* Sources */,
				EEA7E369283A6212002A26D2 /* Frameworks */,
				EEA7E36A283A6212002A26D2 /* Resources */,
			);
			buildRules = (
			);
			dependencies = (
				EEA7E36E283A6212002A26D2 /* PBXTargetDependency */,
			);
			name = SuperSecureCloudUITests;
			productName = SuperSecureCloudUITests;
			productReference = EEA7E36C283A6212002A26D2 /* SuperSecureCloudUITests.xctest */;
			productType = "com.apple.product-type.bundle.ui-testing";
		};
/* End PBXNativeTarget section */

/* Begin PBXProject section */
		EEA7E34A283A6212002A26D2 /* Project object */ = {
			isa = PBXProject;
			attributes = {
				BuildIndependentTargetsInParallel = 1;
				LastSwiftUpdateCheck = 1340;
				LastUpgradeCheck = 1340;
				TargetAttributes = {
					EEA7E351283A6212002A26D2 = {
						CreatedOnToolsVersion = 13.4;
					};
					EEA7E361283A6212002A26D2 = {
						CreatedOnToolsVersion = 13.4;
						TestTargetID = EEA7E351283A6212002A26D2;
					};
					EEA7E36B283A6212002A26D2 = {
						CreatedOnToolsVersion = 13.4;
						TestTargetID = EEA7E351283A6212002A26D2;
					};
				};
			};
			buildConfigurationList = EEA7E34D283A6212002A26D2 /* Build configuration list for PBXProject "SuperSecureCloud" */;
			compatibilityVersion = "Xcode 13.0";
			developmentRegion = en;
			hasScannedForEncodings = 0;
			knownRegions = (
				en,
				Base,
			);
			mainGroup = EEA7E349283A6212002A26D2;
			productRefGroup = EEA7E353283A6212002A26D2 /* Products */;
			projectDirPath = "";
			projectRoot = "";
			targets = (
				EEA7E351283A6212002A26D2 /* SuperSecureCloud */,
				EEA7E361283A6212002A26D2 /* SuperSecureCloudTests */,
				EEA7E36B283A6212002A26D2 /* SuperSecureCloudUITests */,
			);
		};
/* End PBXProject section */

/* Begin PBXResourcesBuildPhase section */
		EEA7E350283A6212002A26D2 /* Resources */ = {
			isa = PBXResourcesBuildPhase;
			buildActionMask = 2147483647;
			files = (
				EEA7E35D283A6212002A26D2 /* Preview Assets.xcassets in Resources */,
				EEA7E35A283A6212002A26D2 /* Assets.xcassets in Resources */,
			);
			runOnlyForDeploymentPostprocessing = 0;
		};
		EEA7E360283A6212002A26D2 /* Resources */ = {
			isa = PBXResourcesBuildPhase;
			buildActionMask = 2147483647;
			files = (
				EEA7E385283A6AB4002A26D2 /* mockResponse.json in Resources */,
			);
			runOnlyForDeploymentPostprocessing = 0;
		};
		EEA7E36A283A6212002A26D2 /* Resources */ = {
			isa = PBXResourcesBuildPhase;
			buildActionMask = 2147483647;
			files = (
			);
			runOnlyForDeploymentPostprocessing = 0;
		};
/* End PBXResourcesBuildPhase section */

/* Begin PBXSourcesBuildPhase section */
		EEA7E34E283A6212002A26D2 /* Sources */ = {
			isa = PBXSourcesBuildPhase;
			buildActionMask = 2147483647;
			files = (
				EEA7E358283A6212002A26D2 /* ContentView.swift in Sources */,
				EEA7E356283A6212002A26D2 /* SuperSecureCloudApp.swift in Sources */,
				EEA7E38F283A6C1A002A26D2 /* SignUpValidationInfo.swift in Sources */,
				EEA7E382283A6645002A26D2 /* SignUpValidator.swift in Sources */,
				EEA7E388283A6B4F002A26D2 /* ProjectExtensions.swift in Sources */,
				EEA7E394283A6E0B002A26D2 /* NetworkingService.swift in Sources */,
				EEA7E39C283A78CA002A26D2 /* DependecyProvider.swift in Sources */,
				EEA7E380283A6609002A26D2 /* ContentViewModel.swift in Sources */,
			);
			runOnlyForDeploymentPostprocessing = 0;
		};
		EEA7E35E283A6212002A26D2 /* Sources */ = {
			isa = PBXSourcesBuildPhase;
			buildActionMask = 2147483647;
			files = (
				EEA7E39D283A78CA002A26D2 /* DependecyProvider.swift in Sources */,
				EEA7E367283A6212002A26D2 /* SuperSecureCloudTests.swift in Sources */,
				EEA7E389283A6B4F002A26D2 /* ProjectExtensions.swift in Sources */,
				EEA7E390283A6C1A002A26D2 /* SignUpValidationInfo.swift in Sources */,
				EEA7E399283A735A002A26D2 /* MockNetworkingService.swift in Sources */,
				EEA7E395283A6E0B002A26D2 /* NetworkingService.swift in Sources */,
			);
			runOnlyForDeploymentPostprocessing = 0;
		};
		EEA7E368283A6212002A26D2 /* Sources */ = {
			isa = PBXSourcesBuildPhase;
			buildActionMask = 2147483647;
			files = (
				EEA7E396283A6E0B002A26D2 /* NetworkingService.swift in Sources */,
				EEA7E371283A6212002A26D2 /* SuperSecureCloudUITests.swift in Sources */,
				EEA7E38A283A6B4F002A26D2 /* ProjectExtensions.swift in Sources */,
				EEA7E391283A6C1A002A26D2 /* SignUpValidationInfo.swift in Sources */,
				EEA7E39E283A78CA002A26D2 /* DependecyProvider.swift in Sources */,
				EEA7E373283A6212002A26D2 /* SuperSecureCloudUITestsLaunchTests.swift in Sources */,
				EEA7E39A283A735A002A26D2 /* MockNetworkingService.swift in Sources */,
			);
			runOnlyForDeploymentPostprocessing = 0;
		};
/* End PBXSourcesBuildPhase section */

/* Begin PBXTargetDependency section */
		EEA7E364283A6212002A26D2 /* PBXTargetDependency */ = {
			isa = PBXTargetDependency;
			target = EEA7E351283A6212002A26D2 /* SuperSecureCloud */;
			targetProxy = EEA7E363283A6212002A26D2 /* PBXContainerItemProxy */;
		};
		EEA7E36E283A6212002A26D2 /* PBXTargetDependency */ = {
			isa = PBXTargetDependency;
			target = EEA7E351283A6212002A26D2 /* SuperSecureCloud */;
			targetProxy = EEA7E36D283A6212002A26D2 /* PBXContainerItemProxy */;
		};
/* End PBXTargetDependency section */

/* Begin XCBuildConfiguration section */
		EEA7E374283A6212002A26D2 /* Debug */ = {
			isa = XCBuildConfiguration;
			buildSettings = {
				ALWAYS_SEARCH_USER_PATHS = NO;
				CLANG_ANALYZER_NONNULL = YES;
				CLANG_ANALYZER_NUMBER_OBJECT_CONVERSION = YES_AGGRESSIVE;
				CLANG_CXX_LANGUAGE_STANDARD = "gnu++17";
				CLANG_ENABLE_MODULES = YES;
				CLANG_ENABLE_OBJC_ARC = YES;
				CLANG_ENABLE_OBJC_WEAK = YES;
				CLANG_WARN_BLOCK_CAPTURE_AUTORELEASING = YES;
				CLANG_WARN_BOOL_CONVERSION = YES;
				CLANG_WARN_COMMA = YES;
				CLANG_WARN_CONSTANT_CONVERSION = YES;
				CLANG_WARN_DEPRECATED_OBJC_IMPLEMENTATIONS = YES;
				CLANG_WARN_DIRECT_OBJC_ISA_USAGE = YES_ERROR;
				CLANG_WARN_DOCUMENTATION_COMMENTS = YES;
				CLANG_WARN_EMPTY_BODY = YES;
				CLANG_WARN_ENUM_CONVERSION = YES;
				CLANG_WARN_INFINITE_RECURSION = YES;
				CLANG_WARN_INT_CONVERSION = YES;
				CLANG_WARN_NON_LITERAL_NULL_CONVERSION = YES;
				CLANG_WARN_OBJC_IMPLICIT_RETAIN_SELF = YES;
				CLANG_WARN_OBJC_LITERAL_CONVERSION = YES;
				CLANG_WARN_OBJC_ROOT_CLASS = YES_ERROR;
				CLANG_WARN_QUOTED_INCLUDE_IN_FRAMEWORK_HEADER = YES;
				CLANG_WARN_RANGE_LOOP_ANALYSIS = YES;
				CLANG_WARN_STRICT_PROTOTYPES = YES;
				CLANG_WARN_SUSPICIOUS_MOVE = YES;
				CLANG_WARN_UNGUARDED_AVAILABILITY = YES_AGGRESSIVE;
				CLANG_WARN_UNREACHABLE_CODE = YES;
				CLANG_WARN__DUPLICATE_METHOD_MATCH = YES;
				COPY_PHASE_STRIP = NO;
				DEBUG_INFORMATION_FORMAT = dwarf;
				ENABLE_STRICT_OBJC_MSGSEND = YES;
				ENABLE_TESTABILITY = YES;
				GCC_C_LANGUAGE_STANDARD = gnu11;
				GCC_DYNAMIC_NO_PIC = NO;
				GCC_NO_COMMON_BLOCKS = YES;
				GCC_OPTIMIZATION_LEVEL = 0;
				GCC_PREPROCESSOR_DEFINITIONS = (
					"DEBUG=1",
					"$(inherited)",
				);
				GCC_WARN_64_TO_32_BIT_CONVERSION = YES;
				GCC_WARN_ABOUT_RETURN_TYPE = YES_ERROR;
				GCC_WARN_UNDECLARED_SELECTOR = YES;
				GCC_WARN_UNINITIALIZED_AUTOS = YES_AGGRESSIVE;
				GCC_WARN_UNUSED_FUNCTION = YES;
				GCC_WARN_UNUSED_VARIABLE = YES;
				IPHONEOS_DEPLOYMENT_TARGET = 15.5;
				MTL_ENABLE_DEBUG_INFO = INCLUDE_SOURCE;
				MTL_FAST_MATH = YES;
				ONLY_ACTIVE_ARCH = YES;
				SDKROOT = iphoneos;
				SWIFT_ACTIVE_COMPILATION_CONDITIONS = DEBUG;
				SWIFT_OPTIMIZATION_LEVEL = "-Onone";
			};
			name = Debug;
		};
		EEA7E375283A6212002A26D2 /* Release */ = {
			isa = XCBuildConfiguration;
			buildSettings = {
				ALWAYS_SEARCH_USER_PATHS = NO;
				CLANG_ANALYZER_NONNULL = YES;
				CLANG_ANALYZER_NUMBER_OBJECT_CONVERSION = YES_AGGRESSIVE;
				CLANG_CXX_LANGUAGE_STANDARD = "gnu++17";
				CLANG_ENABLE_MODULES = YES;
				CLANG_ENABLE_OBJC_ARC = YES;
				CLANG_ENABLE_OBJC_WEAK = YES;
				CLANG_WARN_BLOCK_CAPTURE_AUTORELEASING = YES;
				CLANG_WARN_BOOL_CONVERSION = YES;
				CLANG_WARN_COMMA = YES;
				CLANG_WARN_CONSTANT_CONVERSION = YES;
				CLANG_WARN_DEPRECATED_OBJC_IMPLEMENTATIONS = YES;
				CLANG_WARN_DIRECT_OBJC_ISA_USAGE = YES_ERROR;
				CLANG_WARN_DOCUMENTATION_COMMENTS = YES;
				CLANG_WARN_EMPTY_BODY = YES;
				CLANG_WARN_ENUM_CONVERSION = YES;
				CLANG_WARN_INFINITE_RECURSION = YES;
				CLANG_WARN_INT_CONVERSION = YES;
				CLANG_WARN_NON_LITERAL_NULL_CONVERSION = YES;
				CLANG_WARN_OBJC_IMPLICIT_RETAIN_SELF = YES;
				CLANG_WARN_OBJC_LITERAL_CONVERSION = YES;
				CLANG_WARN_OBJC_ROOT_CLASS = YES_ERROR;
				CLANG_WARN_QUOTED_INCLUDE_IN_FRAMEWORK_HEADER = YES;
				CLANG_WARN_RANGE_LOOP_ANALYSIS = YES;
				CLANG_WARN_STRICT_PROTOTYPES = YES;
				CLANG_WARN_SUSPICIOUS_MOVE = YES;
				CLANG_WARN_UNGUARDED_AVAILABILITY = YES_AGGRESSIVE;
				CLANG_WARN_UNREACHABLE_CODE = YES;
				CLANG_WARN__DUPLICATE_METHOD_MATCH = YES;
				COPY_PHASE_STRIP = NO;
				DEBUG_INFORMATION_FORMAT = "dwarf-with-dsym";
				ENABLE_NS_ASSERTIONS = NO;
				ENABLE_STRICT_OBJC_MSGSEND = YES;
				GCC_C_LANGUAGE_STANDARD = gnu11;
				GCC_NO_COMMON_BLOCKS = YES;
				GCC_WARN_64_TO_32_BIT_CONVERSION = YES;
				GCC_WARN_ABOUT_RETURN_TYPE = YES_ERROR;
				GCC_WARN_UNDECLARED_SELECTOR = YES;
				GCC_WARN_UNINITIALIZED_AUTOS = YES_AGGRESSIVE;
				GCC_WARN_UNUSED_FUNCTION = YES;
				GCC_WARN_UNUSED_VARIABLE = YES;
				IPHONEOS_DEPLOYMENT_TARGET = 15.5;
				MTL_ENABLE_DEBUG_INFO = NO;
				MTL_FAST_MATH = YES;
				SDKROOT = iphoneos;
				SWIFT_COMPILATION_MODE = wholemodule;
				SWIFT_OPTIMIZATION_LEVEL = "-O";
				VALIDATE_PRODUCT = YES;
			};
			name = Release;
		};
		EEA7E377283A6212002A26D2 /* Debug */ = {
			isa = XCBuildConfiguration;
			buildSettings = {
				ASSETCATALOG_COMPILER_APPICON_NAME = AppIcon;
				ASSETCATALOG_COMPILER_GLOBAL_ACCENT_COLOR_NAME = AccentColor;
				CODE_SIGN_STYLE = Automatic;
				CURRENT_PROJECT_VERSION = 1;
				DEVELOPMENT_ASSET_PATHS = "\"SuperSecureCloud/Preview Content\"";
				DEVELOPMENT_TEAM = 775FFT7N78;
				ENABLE_PREVIEWS = YES;
				GENERATE_INFOPLIST_FILE = YES;
				INFOPLIST_KEY_UIApplicationSceneManifest_Generation = YES;
				INFOPLIST_KEY_UIApplicationSupportsIndirectInputEvents = YES;
				INFOPLIST_KEY_UILaunchScreen_Generation = YES;
				INFOPLIST_KEY_UISupportedInterfaceOrientations_iPad = "UIInterfaceOrientationPortrait UIInterfaceOrientationPortraitUpsideDown UIInterfaceOrientationLandscapeLeft UIInterfaceOrientationLandscapeRight";
				INFOPLIST_KEY_UISupportedInterfaceOrientations_iPhone = "UIInterfaceOrientationPortrait UIInterfaceOrientationLandscapeLeft UIInterfaceOrientationLandscapeRight";
				LD_RUNPATH_SEARCH_PATHS = (
					"$(inherited)",
					"@executable_path/Frameworks",
				);
				MARKETING_VERSION = 1.0;
				PRODUCT_BUNDLE_IDENTIFIER = "edu.gini-apps.SuperSecureCloud";
				PRODUCT_NAME = "$(TARGET_NAME)";
				SWIFT_EMIT_LOC_STRINGS = YES;
				SWIFT_VERSION = 5.0;
				TARGETED_DEVICE_FAMILY = "1,2";
			};
			name = Debug;
		};
		EEA7E378283A6212002A26D2 /* Release */ = {
			isa = XCBuildConfiguration;
			buildSettings = {
				ASSETCATALOG_COMPILER_APPICON_NAME = AppIcon;
				ASSETCATALOG_COMPILER_GLOBAL_ACCENT_COLOR_NAME = AccentColor;
				CODE_SIGN_STYLE = Automatic;
				CURRENT_PROJECT_VERSION = 1;
				DEVELOPMENT_ASSET_PATHS = "\"SuperSecureCloud/Preview Content\"";
				DEVELOPMENT_TEAM = 775FFT7N78;
				ENABLE_PREVIEWS = YES;
				GENERATE_INFOPLIST_FILE = YES;
				INFOPLIST_KEY_UIApplicationSceneManifest_Generation = YES;
				INFOPLIST_KEY_UIApplicationSupportsIndirectInputEvents = YES;
				INFOPLIST_KEY_UILaunchScreen_Generation = YES;
				INFOPLIST_KEY_UISupportedInterfaceOrientations_iPad = "UIInterfaceOrientationPortrait UIInterfaceOrientationPortraitUpsideDown UIInterfaceOrientationLandscapeLeft UIInterfaceOrientationLandscapeRight";
				INFOPLIST_KEY_UISupportedInterfaceOrientations_iPhone = "UIInterfaceOrientationPortrait UIInterfaceOrientationLandscapeLeft UIInterfaceOrientationLandscapeRight";
				LD_RUNPATH_SEARCH_PATHS = (
					"$(inherited)",
					"@executable_path/Frameworks",
				);
				MARKETING_VERSION = 1.0;
				PRODUCT_BUNDLE_IDENTIFIER = "edu.gini-apps.SuperSecureCloud";
				PRODUCT_NAME = "$(TARGET_NAME)";
				SWIFT_EMIT_LOC_STRINGS = YES;
				SWIFT_VERSION = 5.0;
				TARGETED_DEVICE_FAMILY = "1,2";
			};
			name = Release;
		};
		EEA7E37A283A6212002A26D2 /* Debug */ = {
			isa = XCBuildConfiguration;
			buildSettings = {
				ALWAYS_EMBED_SWIFT_STANDARD_LIBRARIES = YES;
				BUNDLE_LOADER = "$(TEST_HOST)";
				CODE_SIGN_STYLE = Automatic;
				CURRENT_PROJECT_VERSION = 1;
				DEVELOPMENT_TEAM = 775FFT7N78;
				GENERATE_INFOPLIST_FILE = YES;
				IPHONEOS_DEPLOYMENT_TARGET = 15.5;
				MARKETING_VERSION = 1.0;
				PRODUCT_BUNDLE_IDENTIFIER = "edu.gini-apps.SuperSecureCloudTests";
				PRODUCT_NAME = "$(TARGET_NAME)";
				SWIFT_EMIT_LOC_STRINGS = NO;
				SWIFT_VERSION = 5.0;
				TARGETED_DEVICE_FAMILY = "1,2";
				TEST_HOST = "$(BUILT_PRODUCTS_DIR)/SuperSecureCloud.app/SuperSecureCloud";
			};
			name = Debug;
		};
		EEA7E37B283A6212002A26D2 /* Release */ = {
			isa = XCBuildConfiguration;
			buildSettings = {
				ALWAYS_EMBED_SWIFT_STANDARD_LIBRARIES = YES;
				BUNDLE_LOADER = "$(TEST_HOST)";
				CODE_SIGN_STYLE = Automatic;
				CURRENT_PROJECT_VERSION = 1;
				DEVELOPMENT_TEAM = 775FFT7N78;
				GENERATE_INFOPLIST_FILE = YES;
				IPHONEOS_DEPLOYMENT_TARGET = 15.5;
				MARKETING_VERSION = 1.0;
				PRODUCT_BUNDLE_IDENTIFIER = "edu.gini-apps.SuperSecureCloudTests";
				PRODUCT_NAME = "$(TARGET_NAME)";
				SWIFT_EMIT_LOC_STRINGS = NO;
				SWIFT_VERSION = 5.0;
				TARGETED_DEVICE_FAMILY = "1,2";
				TEST_HOST = "$(BUILT_PRODUCTS_DIR)/SuperSecureCloud.app/SuperSecureCloud";
			};
			name = Release;
		};
		EEA7E37D283A6212002A26D2 /* Debug */ = {
			isa = XCBuildConfiguration;
			buildSettings = {
				ALWAYS_EMBED_SWIFT_STANDARD_LIBRARIES = YES;
				CODE_SIGN_STYLE = Automatic;
				CURRENT_PROJECT_VERSION = 1;
				DEVELOPMENT_TEAM = 775FFT7N78;
				GENERATE_INFOPLIST_FILE = YES;
				MARKETING_VERSION = 1.0;
				PRODUCT_BUNDLE_IDENTIFIER = "edu.gini-apps.SuperSecureCloudUITests";
				PRODUCT_NAME = "$(TARGET_NAME)";
				SWIFT_EMIT_LOC_STRINGS = NO;
				SWIFT_VERSION = 5.0;
				TARGETED_DEVICE_FAMILY = "1,2";
				TEST_TARGET_NAME = SuperSecureCloud;
			};
			name = Debug;
		};
		EEA7E37E283A6212002A26D2 /* Release */ = {
			isa = XCBuildConfiguration;
			buildSettings = {
				ALWAYS_EMBED_SWIFT_STANDARD_LIBRARIES = YES;
				CODE_SIGN_STYLE = Automatic;
				CURRENT_PROJECT_VERSION = 1;
				DEVELOPMENT_TEAM = 775FFT7N78;
				GENERATE_INFOPLIST_FILE = YES;
				MARKETING_VERSION = 1.0;
				PRODUCT_BUNDLE_IDENTIFIER = "edu.gini-apps.SuperSecureCloudUITests";
				PRODUCT_NAME = "$(TARGET_NAME)";
				SWIFT_EMIT_LOC_STRINGS = NO;
				SWIFT_VERSION = 5.0;
				TARGETED_DEVICE_FAMILY = "1,2";
				TEST_TARGET_NAME = SuperSecureCloud;
			};
			name = Release;
		};
/* End XCBuildConfiguration section */

/* Begin XCConfigurationList section */
		EEA7E34D283A6212002A26D2 /* Build configuration list for PBXProject "SuperSecureCloud" */ = {
			isa = XCConfigurationList;
			buildConfigurations = (
				EEA7E374283A6212002A26D2 /* Debug */,
				EEA7E375283A6212002A26D2 /* Release */,
			);
			defaultConfigurationIsVisible = 0;
			defaultConfigurationName = Release;
		};
		EEA7E376283A6212002A26D2 /* Build configuration list for PBXNativeTarget "SuperSecureCloud" */ = {
			isa = XCConfigurationList;
			buildConfigurations = (
				EEA7E377283A6212002A26D2 /* Debug */,
				EEA7E378283A6212002A26D2 /* Release */,
			);
			defaultConfigurationIsVisible = 0;
			defaultConfigurationName = Release;
		};
		EEA7E379283A6212002A26D2 /* Build configuration list for PBXNativeTarget "SuperSecureCloudTests" */ = {
			isa = XCConfigurationList;
			buildConfigurations = (
				EEA7E37A283A6212002A26D2 /* Debug */,
				EEA7E37B283A6212002A26D2 /* Release */,
			);
			defaultConfigurationIsVisible = 0;
			defaultConfigurationName = Release;
		};
		EEA7E37C283A6212002A26D2 /* Build configuration list for PBXNativeTarget "SuperSecureCloudUITests" */ = {
			isa = XCConfigurationList;
			buildConfigurations = (
				EEA7E37D283A6212002A26D2 /* Debug */,
				EEA7E37E283A6212002A26D2 /* Release */,
			);
			defaultConfigurationIsVisible = 0;
			defaultConfigurationName = Release;
		};
/* End XCConfigurationList section */
	};
	rootObject = EEA7E34A283A6212002A26D2 /* Project object */;
}
